{
  "requires": true,
  "lockfileVersion": 1,
  "dependencies": {
    "markrgba-css-rpx": {
      "version": "1.0.4",
      "resolved": "https://registry.npmmirror.com/markrgba-css-rpx/-/markrgba-css-rpx-1.0.4.tgz",
      "integrity": "sha512-fHHL98CRNgWs8BCjcruN+Z9R4Hf8AfErrARd5WhlH92tbEzTCTNOddthq9pOZrHo94Gt9ibjciyWhLr2lX8Fsg=="
    }
  }
}
