{
  "requires": true,
  "lockfileVersion": 1,
  "dependencies": {
    "follow-redirects": {
      "version": "1.14.9",
      "resolved": "https://registry.npmmirror.com/follow-redirects/-/follow-redirects-1.14.9.tgz",
      "integrity": "sha512-MQDfihBQYMcyy5dhRDJUHcw7lb2Pv/TuE6xP1vyraLukNDHKbDxDNaOE3NbCAdKQApno+GPRyo1YAp89yCjK4w=="
    },
    "markrgba-css-rpx": {
      "version": "1.0.4",
      "resolved": "https://registry.npmmirror.com/markrgba-css-rpx/-/markrgba-css-rpx-1.0.4.tgz",
      "integrity": "sha512-fHHL98CRNgWs8BCjcruN+Z9R4Hf8AfErrARd5WhlH92tbEzTCTNOddthq9pOZrHo94Gt9ibjciyWhLr2lX8Fsg=="
    }
  }
}
